
Microsoft Visual Studio Solution File, Format Version 12.00
# Visual Studio Version 16
VisualStudioVersion = 16.0.31702.278
MinimumVisualStudioVersion = 10.0.40219.1
Project("{FAE04EC0-301F-11D3-BF4B-00C04F79EFBC}") = "ProjetoXadrez-console", "ProjetoXadrez-console\ProjetoXadrez-console.csproj", "{E28DC1C7-B929-43E6-9D53-FA75C3892E45}"
EndProject
Global
	GlobalSection(SolutionConfigurationPlatforms) = preSolution
		Debug|Any CPU = Debug|Any CPU
		Release|Any CPU = Release|Any CPU
	EndGlobalSection
	GlobalSection(ProjectConfigurationPlatforms) = postSolution
		{E28DC1C7-B929-43E6-9D53-FA75C3892E45}.Debug|Any CPU.ActiveCfg = Debug|Any CPU
		{E28DC1C7-B929-43E6-9D53-FA75C3892E45}.Debug|Any CPU.Build.0 = Debug|Any CPU
		{E28DC1C7-B929-43E6-9D53-FA75C3892E45}.Release|Any CPU.ActiveCfg = Release|Any CPU
		{E28DC1C7-B929-43E6-9D53-FA75C3892E45}.Release|Any CPU.Build.0 = Release|Any CPU
	EndGlobalSection
	GlobalSection(SolutionProperties) = preSolution
		HideSolutionNode = FALSE
	EndGlobalSection
	GlobalSection(ExtensibilityGlobals) = postSolution
		SolutionGuid = {5AE4FC35-5A87-4AFA-BE8A-534E70A63C47}
	EndGlobalSection
EndGlobal
